<?xml version="1.0" encoding="UTF-8" standalone="yes" ?>
<CodeBlocks_project_file>
	<FileVersion major="1" minor="6" />
	<Project>
		<Option title="GLEngine" />
		<Option pch_mode="2" />
		<Option compiler="gcc" />
		<Build>
			<Target title="Debug">
				<Option output="bin/Debug/GLEngine" prefix_auto="1" extension_auto="1" />
				<Option object_output="obj/Debug/" />
				<Option type="1" />
				<Option compiler="gcc" />
				<Compiler>
					<Add option="-g" />
					<Add directory="include" />
					<Add directory="base" />
					<Add directory="base/math" />
					<Add directory="base/shader" />
					<Add directory="base/util" />
					<Add directory="base/filesystem" />
					<Add directory="base/model" />
					<Add directory="base/input" />
					<Add directory="base/engine" />
					<Add directory="base/model/assimp" />
					<Add directory="base/render" />
					<Add directory="base/texture" />
					<Add directory="base/util/string" />
					<Add directory="base/model/assimp/helpers" />
					<Add directory="base/model/assimp/generators" />
					<Add directory="base/model/assimp/objects" />
					<Add directory="base/model/objects" />
					<Add directory="base/model/generators" />
					<Add directory="base/util/smartptr" />
					<Add directory="./" />
					<Add directory="base/shader/light" />
					<Add directory="base/shader/interfaces" />
					<Add directory="base/render/objects" />
				</Compiler>
				<Linker>
					<Add library="GL" />
					<Add library="glfw" />
					<Add library="GLEW" />
					<Add library="assimp" />
					<Add library="freeimage" />
				</Linker>
			</Target>
			<Target title="Release">
				<Option output="bin/Release/GLEngine" prefix_auto="1" extension_auto="1" />
				<Option object_output="obj/Release/" />
				<Option type="1" />
				<Option compiler="gcc" />
				<Compiler>
					<Add option="-O2" />
					<Add directory="include" />
					<Add directory="base" />
					<Add directory="base/math" />
					<Add directory="base/shader" />
					<Add directory="base/util" />
					<Add directory="base/filesystem" />
					<Add directory="base/model" />
					<Add directory="base/input" />
					<Add directory="base/engine" />
					<Add directory="base/model/assimp" />
					<Add directory="base/render" />
					<Add directory="base/texture" />
					<Add directory="base/util/string" />
					<Add directory="base/model/assimp/objects" />
					<Add directory="base/model/objects" />
					<Add directory="base/model/assimp/generators" />
					<Add directory="base/util/smartptr" />
					<Add directory="base/model/assimp/helpers" />
					<Add directory="./" />
					<Add directory="base/shader/light" />
					<Add directory="base/shader/interfaces" />
				</Compiler>
				<Linker>
					<Add option="-s" />
				</Linker>
			</Target>
		</Build>
		<Compiler>
			<Add option="-Wall" />
			<Add option="-fexceptions" />
		</Compiler>
		<Unit filename="base/engine/base.cpp" />
		<Unit filename="base/engine/base.h" />
		<Unit filename="base/engine/base_runner.cpp" />
		<Unit filename="base/engine/base_runner.h" />
		<Unit filename="base/engine/bindable.cpp" />
		<Unit filename="base/engine/bindable.h" />
		<Unit filename="base/engine/camera.cpp" />
		<Unit filename="base/engine/camera.h" />
		<Unit filename="base/engine/camera_helpers.cpp" />
		<Unit filename="base/engine/camera_helpers.h" />
		<Unit filename="base/engine/display.cpp" />
		<Unit filename="base/engine/display.h" />
		<Unit filename="base/engine/display_operations.cpp" />
		<Unit filename="base/engine/display_operations.h" />
		<Unit filename="base/engine/gl_error_handler.cpp" />
		<Unit filename="base/engine/gl_error_handler.h" />
		<Unit filename="base/engine/gl_initializator.cpp" />
		<Unit filename="base/engine/gl_initializator.h" />
		<Unit filename="base/engine/renderable_interface.cpp" />
		<Unit filename="base/engine/renderable_interface.h" />
		<Unit filename="base/filesystem/file_path_concatenation.cpp" />
		<Unit filename="base/filesystem/file_path_concatenation.h" />
		<Unit filename="base/filesystem/file_reader.cpp" />
		<Unit filename="base/filesystem/file_reader.h" />
		<Unit filename="base/input/input_key_registry.cpp" />
		<Unit filename="base/input/input_key_registry.h" />
		<Unit filename="base/input/mouse_input_helper.cpp" />
		<Unit filename="base/input/mouse_input_helper.h" />
		<Unit filename="base/input/window_input_handler.cpp" />
		<Unit filename="base/input/window_input_handler.h" />
		<Unit filename="base/math/basic_matrix_transformations.cpp" />
		<Unit filename="base/math/basic_matrix_transformations.h" />
		<Unit filename="base/math/compound_matrix_transformations.cpp" />
		<Unit filename="base/math/compound_matrix_transformations.h" />
		<Unit filename="base/math/degree_radians_conversion.h" />
		<Unit filename="base/math/matrix_computations.cpp" />
		<Unit filename="base/math/matrix_computations.h" />
		<Unit filename="base/math/matrix_generators.cpp" />
		<Unit filename="base/math/matrix_generators.h" />
		<Unit filename="base/math/matrix_helpers.cpp" />
		<Unit filename="base/math/matrix_helpers.h" />
		<Unit filename="base/math/matrix_math_types.h" />
		<Unit filename="base/math/matrix_model_compuations.cpp" />
		<Unit filename="base/math/matrix_model_compuations.h" />
		<Unit filename="base/math/matrix_projection_computations.cpp" />
		<Unit filename="base/math/matrix_projection_computations.h" />
		<Unit filename="base/math/max.h" />
		<Unit filename="base/math/quaternion_computations.cpp" />
		<Unit filename="base/math/quaternion_computations.h" />
		<Unit filename="base/math/trigonometry_helpers.cpp" />
		<Unit filename="base/math/trigonometry_helpers.h" />
		<Unit filename="base/math/vector_computations.cpp" />
		<Unit filename="base/math/vector_computations.h" />
		<Unit filename="base/math/vector_helpers.cpp" />
		<Unit filename="base/math/vector_helpers.h" />
		<Unit filename="base/model/assimp/assimp_copy_data.cpp" />
		<Unit filename="base/model/assimp/assimp_copy_data.h" />
		<Unit filename="base/model/assimp/assimp_copy_offset_data.cpp" />
		<Unit filename="base/model/assimp/assimp_copy_offset_data.h" />
		<Unit filename="base/model/assimp/assimp_loader.cpp" />
		<Unit filename="base/model/assimp/assimp_loader.h" />
		<Unit filename="base/model/assimp/assimp_model.cpp" />
		<Unit filename="base/model/assimp/assimp_model.h" />
		<Unit filename="base/model/assimp/assimp_model_node.cpp" />
		<Unit filename="base/model/assimp/assimp_model_node.h" />
		<Unit filename="base/model/assimp/generators/assimp_buffer_generators.cpp" />
		<Unit filename="base/model/assimp/generators/assimp_buffer_generators.h" />
		<Unit filename="base/model/assimp/generators/assimp_empty_buffer_generators.cpp" />
		<Unit filename="base/model/assimp/generators/assimp_empty_buffer_generators.h" />
		<Unit filename="base/model/assimp/generators/assimp_scene_buffer_generators.cpp" />
		<Unit filename="base/model/assimp/generators/assimp_scene_buffer_generators.h" />
		<Unit filename="base/model/assimp/generators/assimp_scene_empty_buffer_generators.cpp" />
		<Unit filename="base/model/assimp/generators/assimp_scene_empty_buffer_generators.h" />
		<Unit filename="base/model/assimp/generators/assimp_subbuffer_generators.cpp" />
		<Unit filename="base/model/assimp/generators/assimp_subbuffer_generators.h" />
		<Unit filename="base/model/assimp/generators/assimp_subbuffers_offset_generators.cpp" />
		<Unit filename="base/model/assimp/generators/assimp_subbuffers_offset_generators.h" />
		<Unit filename="base/model/assimp/generators/assimp_vertex_array_object_generators.cpp" />
		<Unit filename="base/model/assimp/generators/assimp_vertex_array_object_generators.h" />
		<Unit filename="base/model/assimp/helpers/assimp_all_sets_byte_counters.cpp" />
		<Unit filename="base/model/assimp/helpers/assimp_all_sets_byte_counters.h" />
		<Unit filename="base/model/assimp/helpers/assimp_all_sets_elements_counters.cpp" />
		<Unit filename="base/model/assimp/helpers/assimp_all_sets_elements_counters.h" />
		<Unit filename="base/model/assimp/helpers/assimp_byte_counters.cpp" />
		<Unit filename="base/model/assimp/helpers/assimp_byte_counters.h" />
		<Unit filename="base/model/assimp/helpers/assimp_constants.h" />
		<Unit filename="base/model/assimp/helpers/assimp_converters.h" />
		<Unit filename="base/model/assimp/helpers/assimp_counters.cpp" />
		<Unit filename="base/model/assimp/helpers/assimp_counters.h" />
		<Unit filename="base/model/assimp/helpers/assimp_elements_counters.cpp" />
		<Unit filename="base/model/assimp/helpers/assimp_elements_counters.h" />
		<Unit filename="base/model/assimp/helpers/assimp_helpers.h" />
		<Unit filename="base/model/assimp/helpers/assimp_matrix_converter.cpp" />
		<Unit filename="base/model/assimp/helpers/assimp_matrix_converter.h" />
		<Unit filename="base/model/assimp/helpers/assimp_max_counters.cpp" />
		<Unit filename="base/model/assimp/helpers/assimp_max_counters.h" />
		<Unit filename="base/model/assimp/helpers/assimp_max_elements_counters.cpp" />
		<Unit filename="base/model/assimp/helpers/assimp_max_elements_counters.h" />
		<Unit filename="base/model/assimp/helpers/assimp_sum_and_max_counters.cpp" />
		<Unit filename="base/model/assimp/helpers/assimp_sum_and_max_counters.h" />
		<Unit filename="base/model/assimp/objects/assimp_element_buffer_object.cpp" />
		<Unit filename="base/model/assimp/objects/assimp_element_buffer_object.h" />
		<Unit filename="base/model/assimp/objects/assimp_scene_element_buffer_object.cpp" />
		<Unit filename="base/model/assimp/objects/assimp_scene_element_buffer_object.h" />
		<Unit filename="base/model/assimp/objects/assimp_scene_vao_vbo_ebo_package.cpp" />
		<Unit filename="base/model/assimp/objects/assimp_scene_vao_vbo_ebo_package.h" />
		<Unit filename="base/model/assimp/objects/assimp_scenes_element_buffer_object.cpp" />
		<Unit filename="base/model/assimp/objects/assimp_scenes_element_buffer_object.h" />
		<Unit filename="base/model/assimp/objects/assimp_scenes_vao_vbo_ebo_package.cpp" />
		<Unit filename="base/model/assimp/objects/assimp_scenes_vao_vbo_ebo_package.h" />
		<Unit filename="base/model/assimp/objects/assimp_vao_vbo_ebo_package.cpp" />
		<Unit filename="base/model/assimp/objects/assimp_vao_vbo_ebo_package.h" />
		<Unit filename="base/model/assimp/objects/assimp_vertex_buffer_object.cpp" />
		<Unit filename="base/model/assimp/objects/assimp_vertex_buffer_object.h" />
		<Unit filename="base/model/generators/generatable.cpp" />
		<Unit filename="base/model/generators/generatable.h" />
		<Unit filename="base/model/generators/model_buffer_generators.cpp" />
		<Unit filename="base/model/generators/model_buffer_generators.h" />
		<Unit filename="base/model/generators/model_simple_predefined.h" />
		<Unit filename="base/model/generators/model_subbuffer_generators.cpp" />
		<Unit filename="base/model/generators/model_subbuffer_generators.h" />
		<Unit filename="base/model/model.cpp" />
		<Unit filename="base/model/model.h" />
		<Unit filename="base/model/model_base.cpp" />
		<Unit filename="base/model/model_base.h" />
		<Unit filename="base/model/model_buffer_binders.cpp" />
		<Unit filename="base/model/model_buffer_binders.h" />
		<Unit filename="base/model/model_data.cpp" />
		<Unit filename="base/model/model_data.h" />
		<Unit filename="base/model/model_node.cpp" />
		<Unit filename="base/model/model_node.h" />
		<Unit filename="base/model/model_node_helpers.cpp" />
		<Unit filename="base/model/model_node_helpers.h" />
		<Unit filename="base/model/objects/element_buffer_object.cpp" />
		<Unit filename="base/model/objects/element_buffer_object.h" />
		<Unit filename="base/model/objects/element_buffer_object_helpers.cpp" />
		<Unit filename="base/model/objects/element_buffer_object_helpers.h" />
		<Unit filename="base/model/objects/offset_types.h" />
		<Unit filename="base/model/objects/vao_vbo_ebo_package.cpp" />
		<Unit filename="base/model/objects/vao_vbo_ebo_package.h" />
		<Unit filename="base/model/objects/vao_vbo_ebo_package_helpers.cpp" />
		<Unit filename="base/model/objects/vao_vbo_ebo_package_helpers.h" />
		<Unit filename="base/model/objects/vertex_array_object.cpp" />
		<Unit filename="base/model/objects/vertex_array_object.h" />
		<Unit filename="base/model/objects/vertex_array_object_helpers.cpp" />
		<Unit filename="base/model/objects/vertex_array_object_helpers.h" />
		<Unit filename="base/model/objects/vertex_buffer_object.cpp" />
		<Unit filename="base/model/objects/vertex_buffer_object.h" />
		<Unit filename="base/model/objects/vertex_buffer_object_helpers.cpp" />
		<Unit filename="base/model/objects/vertex_buffer_object_helpers.h" />
		<Unit filename="base/render/objects/render_ready_package.cpp" />
		<Unit filename="base/render/objects/render_ready_package.h" />
		<Unit filename="base/render/objects/render_ready_package_helpers.cpp" />
		<Unit filename="base/render/objects/render_ready_package_helpers.h" />
		<Unit filename="base/render/objects/render_ready_root_node.cpp" />
		<Unit filename="base/render/objects/render_ready_root_node.h" />
		<Unit filename="base/render/render_ready_package_renderer.cpp" />
		<Unit filename="base/render/render_ready_package_renderer.h" />
		<Unit filename="base/shader/interfaces/default_shader_phong.cpp" />
		<Unit filename="base/shader/interfaces/default_shader_phong.h" />
		<Unit filename="base/shader/light/ambient_light_data.cpp" />
		<Unit filename="base/shader/light/ambient_light_data.h" />
		<Unit filename="base/shader/light/ambient_light_helpers.cpp" />
		<Unit filename="base/shader/light/ambient_light_helpers.h" />
		<Unit filename="base/shader/light/ambient_light_uniforms.cpp" />
		<Unit filename="base/shader/light/ambient_light_uniforms.h" />
		<Unit filename="base/shader/light/diffuse_light_data.cpp" />
		<Unit filename="base/shader/light/diffuse_light_data.h" />
		<Unit filename="base/shader/light/diffuse_light_helpers.cpp" />
		<Unit filename="base/shader/light/diffuse_light_helpers.h" />
		<Unit filename="base/shader/light/diffuse_light_uniforms.cpp" />
		<Unit filename="base/shader/light/diffuse_light_uniforms.h" />
		<Unit filename="base/shader/light/shader_lighting_data.cpp" />
		<Unit filename="base/shader/light/shader_lighting_data.h" />
		<Unit filename="base/shader/light/shader_lighting_helpers.cpp" />
		<Unit filename="base/shader/light/shader_lighting_helpers.h" />
		<Unit filename="base/shader/light/shader_lighting_uniforms.cpp" />
		<Unit filename="base/shader/light/shader_lighting_uniforms.h" />
		<Unit filename="base/shader/shader.cpp" />
		<Unit filename="base/shader/shader.h" />
		<Unit filename="base/shader/shader_compiler.cpp" />
		<Unit filename="base/shader/shader_compiler.h" />
		<Unit filename="base/shader/shader_types.h" />
		<Unit filename="base/shader/vertex_attrib_helpers.cpp" />
		<Unit filename="base/shader/vertex_attrib_helpers.h" />
		<Unit filename="base/shader/vertex_attrib_lighting_setup.cpp" />
		<Unit filename="base/shader/vertex_attrib_lighting_setup.h" />
		<Unit filename="base/shader/vertex_attrib_pointer_setup.cpp" />
		<Unit filename="base/shader/vertex_attrib_pointer_setup.h" />
		<Unit filename="base/texture/assimp_texture_helpers.cpp" />
		<Unit filename="base/texture/assimp_texture_helpers.h" />
		<Unit filename="base/texture/texture.cpp" />
		<Unit filename="base/texture/texture.h" />
		<Unit filename="base/texture/texture_cache.cpp" />
		<Unit filename="base/texture/texture_cache.h" />
		<Unit filename="base/texture/texture_context.cpp" />
		<Unit filename="base/texture/texture_context.h" />
		<Unit filename="base/texture/texture_error_callbacks.cpp" />
		<Unit filename="base/texture/texture_error_callbacks.h" />
		<Unit filename="base/texture/texture_loader.cpp" />
		<Unit filename="base/texture/texture_loader.h" />
		<Unit filename="base/util/exit_exception.cpp" />
		<Unit filename="base/util/exit_exception.h" />
		<Unit filename="base/util/gl_debug_to_string.h" />
		<Unit filename="base/util/gl_enum_to_string.cpp" />
		<Unit filename="base/util/gl_enum_to_string.h" />
		<Unit filename="base/util/smartptr/deep_copy_pointer.cpp" />
		<Unit filename="base/util/smartptr/deep_copy_pointer.h" />
		<Unit filename="base/util/string/shared_string.cpp" />
		<Unit filename="base/util/string/shared_string.h" />
		<Unit filename="base/util/string/shared_string_helpers.cpp" />
		<Unit filename="base/util/string/shared_string_helpers.h" />
		<Unit filename="base/util/switch_case_enum_to_string.h" />
		<Unit filename="base/util/texture_format_enum_to_string.cpp" />
		<Unit filename="base/util/texture_format_enum_to_string.h" />
		<Unit filename="main.cpp" />
		<Unit filename="res/models/BaseColor.png" />
		<Unit filename="res/models/Metallic.png" />
		<Unit filename="res/models/Militia-Adventurer-RIGGED.blend" />
		<Unit filename="res/models/Militia-Adventurer-RIGGED.dae" />
		<Unit filename="res/models/Militia-Texture.jpg" />
		<Unit filename="res/models/Militia-Texture.psd" />
		<Unit filename="res/models/Normal.png" />
		<Unit filename="res/models/Readme.txt" />
		<Unit filename="res/models/Roughness.png" />
		<Unit filename="res/models/bicyclekeyCollada.zip" />
		<Unit filename="res/models/bicyclekeycollada.dae" />
		<Unit filename="res/models/dummy_obj.mtl" />
		<Unit filename="res/models/dummy_obj.obj" />
		<Unit filename="res/models/dummy_wood.jpg" />
		<Unit filename="res/models/model.dae" />
		<Unit filename="res/models/model/_1.jpg" />
		<Unit filename="res/models/model/_2.jpg" />
		<Unit filename="res/models/model/_3.jpg" />
		<Unit filename="res/models/model/_3_1.jpg" />
		<Unit filename="res/models/model/_4.jpg" />
		<Unit filename="res/models/model/_4_0.jpg" />
		<Unit filename="res/models/model/_5.jpg" />
		<Unit filename="res/models/model/pony.jpg" />
		<Unit filename="res/models/model/pony__.jpg" />
		<Unit filename="res/models/textures/Wolf_Body.jpg" />
		<Unit filename="res/models/textures/Wolf_Eyes_1.jpg" />
		<Unit filename="res/models/textures/Wolf_Eyes_2.jpg" />
		<Unit filename="res/models/textures/Wolf_Fur.jpg" />
		<Unit filename="res/shaders/shader.frag" />
		<Unit filename="res/shaders/shader.vert" />
		<Extensions>
			<code_completion />
			<envvars />
			<debugger />
			<lib_finder disable_auto="1" />
		</Extensions>
	</Project>
</CodeBlocks_project_file>
